
Microsoft Visual Studio Solution File, Format Version 12.00
# Visual Studio Version 17
VisualStudioVersion = 17.4.33213.308
MinimumVisualStudioVersion = 10.0.40219.1
Project("{FAE04EC0-301F-11D3-BF4B-00C04F79EFBC}") = "DrawStar", "DrawStar\DrawStar.csproj", "{820507D5-7E7A-49A1-92F8-CF0C9D5B495B}"
EndProject
Global
	GlobalSection(SolutionConfigurationPlatforms) = preSolution
		Debug|Any CPU = Debug|Any CPU
		Release|Any CPU = Release|Any CPU
	EndGlobalSection
	GlobalSection(ProjectConfigurationPlatforms) = postSolution
		{820507D5-7E7A-49A1-92F8-CF0C9D5B495B}.Debug|Any CPU.ActiveCfg = Debug|Any CPU
		{820507D5-7E7A-49A1-92F8-CF0C9D5B495B}.Debug|Any CPU.Build.0 = Debug|Any CPU
		{820507D5-7E7A-49A1-92F8-CF0C9D5B495B}.Release|Any CPU.ActiveCfg = Release|Any CPU
		{820507D5-7E7A-49A1-92F8-CF0C9D5B495B}.Release|Any CPU.Build.0 = Release|Any CPU
	EndGlobalSection
	GlobalSection(SolutionProperties) = preSolution
		HideSolutionNode = FALSE
	EndGlobalSection
	GlobalSection(ExtensibilityGlobals) = postSolution
		SolutionGuid = {A85D9181-5C4E-4485-BD09-B67CE198D58D}
	EndGlobalSection
EndGlobal
